
Microsoft Visual Studio Solution File, Format Version 12.00
# Visual Studio Version 16
VisualStudioVersion = 16.0.30523.141
MinimumVisualStudioVersion = 10.0.40219.1
Project("{FAE04EC0-301F-11D3-BF4B-00C04F79EFBC}") = "TaxTestClient", "TaxTestClient\TaxTestClient.csproj", "{D480CC3A-8707-4341-B287-E5928C6CA709}"
EndProject
Project("{FAE04EC0-301F-11D3-BF4B-00C04F79EFBC}") = "TaxTestClient.Service", "TaxTestClient.Service\TaxTestClient.Service.csproj", "{519FBCE5-56DE-4B0F-9F6E-EDBE858B0FCA}"
EndProject
Global
	GlobalSection(SolutionConfigurationPlatforms) = preSolution
		Debug|Any CPU = Debug|Any CPU
		Release|Any CPU = Release|Any CPU
	EndGlobalSection
	GlobalSection(ProjectConfigurationPlatforms) = postSolution
		{D480CC3A-8707-4341-B287-E5928C6CA709}.Debug|Any CPU.ActiveCfg = Debug|Any CPU
		{D480CC3A-8707-4341-B287-E5928C6CA709}.Debug|Any CPU.Build.0 = Debug|Any CPU
		{D480CC3A-8707-4341-B287-E5928C6CA709}.Release|Any CPU.ActiveCfg = Release|Any CPU
		{D480CC3A-8707-4341-B287-E5928C6CA709}.Release|Any CPU.Build.0 = Release|Any CPU
		{519FBCE5-56DE-4B0F-9F6E-EDBE858B0FCA}.Debug|Any CPU.ActiveCfg = Debug|Any CPU
		{519FBCE5-56DE-4B0F-9F6E-EDBE858B0FCA}.Debug|Any CPU.Build.0 = Debug|Any CPU
		{519FBCE5-56DE-4B0F-9F6E-EDBE858B0FCA}.Release|Any CPU.ActiveCfg = Release|Any CPU
		{519FBCE5-56DE-4B0F-9F6E-EDBE858B0FCA}.Release|Any CPU.Build.0 = Release|Any CPU
	EndGlobalSection
	GlobalSection(SolutionProperties) = preSolution
		HideSolutionNode = FALSE
	EndGlobalSection
	GlobalSection(ExtensibilityGlobals) = postSolution
		SolutionGuid = {CCF3897F-08E2-4B9C-B220-65B2B94D2C99}
	EndGlobalSection
EndGlobal
